<?xml version="1.0" encoding="utf-8"?>
<Project ToolsVersion="4.0" xmlns="http://schemas.microsoft.com/developer/msbuild/2003">
  <ItemGroup>
    <Filter Include="Source Files">
      <UniqueIdentifier>{0d0d8681-9791-48cd-8e07-0244db02670d}</UniqueIdentifier>
      <Extensions>cpp;c;cxx;rc;def;r;odl;idl;hpj;bat</Extensions>
    </Filter>
    <Filter Include="Header Files">
      <UniqueIdentifier>{b8ce68db-1028-4fe9-8fc6-731b95eaa4c7}</UniqueIdentifier>
      <Extensions>h;hpp;hxx;hm;inl;inc;xsd</Extensions>
    </Filter>
    <Filter Include="Third Party">
      <UniqueIdentifier>{1c390278-6826-4e5f-9c9b-90ad6700f135}</UniqueIdentifier>
    </Filter>
    <Filter Include="Resources">
      <UniqueIdentifier>{b5c4c022-c0b0-4109-8b39-e490a6957fbc}</UniqueIdentifier>
    </Filter>
  </ItemGroup>
  <ItemGroup>
    <ClCompile Include="KeyboardClickerApp.cpp">
      <Filter>Source Files</Filter>
    </ClCompile>
    <ClCompile Include="KeyboardClickerDlg.cpp">
      <Filter>Source Files</Filter>
    </ClCompile>
    <ClCompile Include="KeyCaptureEdit.cpp">
      <Filter>Source Files</Filter>
    </ClCompile>
  </ItemGroup>
  <ItemGroup>
    <ClInclude Include="KeyboardClickerApp.h">
      <Filter>Header Files</Filter>
    </ClInclude>
    <ClInclude Include="KeyboardClickerDlg.h">
      <Filter>Header Files</Filter>
    </ClInclude>
    <ClInclude Include="KeyCaptureEdit.h">
      <Filter>Header Files</Filter>
    </ClInclude>
    <ClInclude Include="resource.h">
      <Filter>Header Files</Filter>
    </ClInclude>
  </ItemGroup>
  <ItemGroup>
    <None Include="third_party\dm\dm.dll">
      <Filter>Third Party</Filter>
    </None>
    <None Include="assets\images\.gitkeep">
      <Filter>Resources</Filter>
    </None>
    <None Include="assets\dicts\default.txt">
      <Filter>Resources</Filter>
    </None>
  </ItemGroup>
  <ItemGroup>
    <ResourceCompile Include="KeyboardClicker.rc">
      <Filter>Source Files</Filter>
    </ResourceCompile>
  </ItemGroup>
</Project>
